
Microsoft Visual Studio Solution File, Format Version 12.00
# Visual Studio Version 17
VisualStudioVersion = 17.7.34031.279
MinimumVisualStudioVersion = 10.0.40219.1
Project("{FAE04EC0-301F-11D3-BF4B-00C04F79EFBC}") = "Empleados.FE", "AgregEmpleados\Empleados.FE.csproj", "{AF42EE64-E1F6-453B-8162-140D88BBD29C}"
EndProject
Project("{FAE04EC0-301F-11D3-BF4B-00C04F79EFBC}") = "Empleados.BE", "Empleados.BE\Empleados.BE.csproj", "{0C1ABBDA-58DA-44BD-A1E2-529CCCAB2B95}"
EndProject
Global
	GlobalSection(SolutionConfigurationPlatforms) = preSolution
		Debug|Any CPU = Debug|Any CPU
		Release|Any CPU = Release|Any CPU
	EndGlobalSection
	GlobalSection(ProjectConfigurationPlatforms) = postSolution
		{AF42EE64-E1F6-453B-8162-140D88BBD29C}.Debug|Any CPU.ActiveCfg = Debug|Any CPU
		{AF42EE64-E1F6-453B-8162-140D88BBD29C}.Debug|Any CPU.Build.0 = Debug|Any CPU
		{AF42EE64-E1F6-453B-8162-140D88BBD29C}.Release|Any CPU.ActiveCfg = Release|Any CPU
		{AF42EE64-E1F6-453B-8162-140D88BBD29C}.Release|Any CPU.Build.0 = Release|Any CPU
		{0C1ABBDA-58DA-44BD-A1E2-529CCCAB2B95}.Debug|Any CPU.ActiveCfg = Debug|Any CPU
		{0C1ABBDA-58DA-44BD-A1E2-529CCCAB2B95}.Debug|Any CPU.Build.0 = Debug|Any CPU
		{0C1ABBDA-58DA-44BD-A1E2-529CCCAB2B95}.Release|Any CPU.ActiveCfg = Release|Any CPU
		{0C1ABBDA-58DA-44BD-A1E2-529CCCAB2B95}.Release|Any CPU.Build.0 = Release|Any CPU
	EndGlobalSection
	GlobalSection(SolutionProperties) = preSolution
		HideSolutionNode = FALSE
	EndGlobalSection
	GlobalSection(ExtensibilityGlobals) = postSolution
		SolutionGuid = {B13CB0E0-1D18-4E67-A921-C729C65116A2}
	EndGlobalSection
EndGlobal
